// !$*UTF8*$!
{
	archiveVersion = 1;
	classes = {
	};
	objectVersion = 50;
	objects = {

/* Begin PBXBuildFile section */
		780829CD258F41F600AAB369 /* main.cpp in Sources */ = {isa = PBXBuildFile; fileRef = 780829CC258F41F600AAB369 /* main.cpp */; };
/* End PBXBuildFile section */

/* Begin PBXCopyFilesBuildPhase section */
		780829C7258F41F500AAB369 /* CopyFiles */ = {
			isa = PBXCopyFilesBuildPhase;
			buildActionMask = 2147483647;
			dstPath = /usr/share/man/man1/;
			dstSubfolderSpec = 0;
			files = (
			);
			runOnlyForDeploymentPostprocessing = 1;
		};
/* End PBXCopyFilesBuildPhase section */

/* Begin PBXFileReference section */
		780829C9258F41F600AAB369 /* HelloCV */ = {isa = PBXFileReference; explicitFileType = "compiled.mach-o.executable"; includeInIndex = 0; path = HelloCV; sourceTree = BUILT_PRODUCTS_DIR; };
		780829CC258F41F600AAB369 /* main.cpp */ = {isa = PBXFileReference; lastKnownFileType = sourcecode.cpp.cpp; path = main.cpp; sourceTree = "<group>"; };
		780829D5258F42A500AAB369 /* libopencv_core.dylib */ = {isa = PBXFileReference; lastKnownFileType = "compiled.mach-o.dylib"; name = libopencv_core.dylib; path = ../../build_opencv/lib/libopencv_core.dylib; sourceTree = "<group>"; };
		780829E3258F44DD00AAB369 /* libopencv_imgproc.dylib */ = {isa = PBXFileReference; lastKnownFileType = "compiled.mach-o.dylib"; path = libopencv_imgproc.dylib; sourceTree = "<group>"; };
		780829E4258F44DD00AAB369 /* libopencv_core.dylib */ = {isa = PBXFileReference; lastKnownFileType = "compiled.mach-o.dylib"; path = libopencv_core.dylib; sourceTree = "<group>"; };
		780829E5258F44DD00AAB369 /* libopencv_highgui.dylib */ = {isa = PBXFileReference; lastKnownFileType = "compiled.mach-o.dylib"; path = libopencv_highgui.dylib; sourceTree = "<group>"; };
		780829EB258F44F000AAB369 /* opencv.hpp */ = {isa = PBXFileReference; lastKnownFileType = sourcecode.cpp.h; path = opencv.hpp; sourceTree = "<group>"; };
		780829F2258F469A00AAB369 /* libopencv_imgcodecs.dylib */ = {isa = PBXFileReference; lastKnownFileType = "compiled.mach-o.dylib"; path = libopencv_imgcodecs.dylib; sourceTree = "<group>"; };
		78082A06258F4A6800AAB369 /* opencv2 */ = {isa = PBXFileReference; lastKnownFileType = folder; path = opencv2; sourceTree = "<group>"; };
		78082A0A258F4C1500AAB369 /* libopencv_dnn.dylib */ = {isa = PBXFileReference; lastKnownFileType = "compiled.mach-o.dylib"; name = libopencv_dnn.dylib; path = ../../../../../build_opencv/lib/libopencv_dnn.dylib; sourceTree = "<group>"; };
		78082A0B258F4C2600AAB369 /* libopencv_features2d.dylib */ = {isa = PBXFileReference; lastKnownFileType = "compiled.mach-o.dylib"; name = libopencv_features2d.dylib; path = ../../../../../build_opencv/lib/libopencv_features2d.dylib; sourceTree = "<group>"; };
		78082A0C258F4C3400AAB369 /* libopencv_gapi.dylib */ = {isa = PBXFileReference; lastKnownFileType = "compiled.mach-o.dylib"; name = libopencv_gapi.dylib; path = ../../../../../build_opencv/lib/libopencv_gapi.dylib; sourceTree = "<group>"; };
		78082A0D258F4C4400AAB369 /* libopencv_ml.dylib */ = {isa = PBXFileReference; lastKnownFileType = "compiled.mach-o.dylib"; name = libopencv_ml.dylib; path = ../../../../../build_opencv/lib/libopencv_ml.dylib; sourceTree = "<group>"; };
		78082A0E258F4C5200AAB369 /* libopencv_objdetect.dylib */ = {isa = PBXFileReference; lastKnownFileType = "compiled.mach-o.dylib"; name = libopencv_objdetect.dylib; path = ../../../../../build_opencv/lib/libopencv_objdetect.dylib; sourceTree = "<group>"; };
		78082A0F258F4C5B00AAB369 /* libopencv_photo.dylib */ = {isa = PBXFileReference; lastKnownFileType = "compiled.mach-o.dylib"; name = libopencv_photo.dylib; path = ../../../../../build_opencv/lib/libopencv_photo.dylib; sourceTree = "<group>"; };
/* End PBXFileReference section */

/* Begin PBXFrameworksBuildPhase section */
		780829C6258F41F500AAB369 /* Frameworks */ = {
			isa = PBXFrameworksBuildPhase;
			buildActionMask = 2147483647;
			files = (
			);
			runOnlyForDeploymentPostprocessing = 0;
		};
/* End PBXFrameworksBuildPhase section */

/* Begin PBXGroup section */
		780829C0258F41F500AAB369 = {
			isa = PBXGroup;
			children = (
				780829CB258F41F600AAB369 /* HelloCV */,
				780829CA258F41F600AAB369 /* Products */,
				780829D4258F42A500AAB369 /* Frameworks */,
			);
			sourceTree = "<group>";
		};
		780829CA258F41F600AAB369 /* Products */ = {
			isa = PBXGroup;
			children = (
				780829C9258F41F600AAB369 /* HelloCV */,
			);
			name = Products;
			sourceTree = "<group>";
		};
		780829CB258F41F600AAB369 /* HelloCV */ = {
			isa = PBXGroup;
			children = (
				780829DE258F446C00AAB369 /* libs */,
				780829CC258F41F600AAB369 /* main.cpp */,
			);
			path = HelloCV;
			sourceTree = "<group>";
		};
		780829D4258F42A500AAB369 /* Frameworks */ = {
			isa = PBXGroup;
			children = (
				780829D5258F42A500AAB369 /* libopencv_core.dylib */,
			);
			name = Frameworks;
			sourceTree = "<group>";
		};
		780829DE258F446C00AAB369 /* libs */ = {
			isa = PBXGroup;
			children = (
				780829E0258F448100AAB369 /* header */,
				780829DF258F447900AAB369 /* include */,
			);
			path = libs;
			sourceTree = "<group>";
		};
		780829DF258F447900AAB369 /* include */ = {
			isa = PBXGroup;
			children = (
				78082A0F258F4C5B00AAB369 /* libopencv_photo.dylib */,
				78082A0E258F4C5200AAB369 /* libopencv_objdetect.dylib */,
				78082A0D258F4C4400AAB369 /* libopencv_ml.dylib */,
				78082A0C258F4C3400AAB369 /* libopencv_gapi.dylib */,
				78082A0B258F4C2600AAB369 /* libopencv_features2d.dylib */,
				78082A0A258F4C1500AAB369 /* libopencv_dnn.dylib */,
				780829F2258F469A00AAB369 /* libopencv_imgcodecs.dylib */,
				780829E4258F44DD00AAB369 /* libopencv_core.dylib */,
				780829E5258F44DD00AAB369 /* libopencv_highgui.dylib */,
				780829E3258F44DD00AAB369 /* libopencv_imgproc.dylib */,
			);
			path = include;
			sourceTree = "<group>";
		};
		780829E0258F448100AAB369 /* header */ = {
			isa = PBXGroup;
			children = (
				78082A06258F4A6800AAB369 /* opencv2 */,
				780829EB258F44F000AAB369 /* opencv.hpp */,
			);
			path = header;
			sourceTree = "<group>";
		};
/* End PBXGroup section */

/* Begin PBXNativeTarget section */
		780829C8258F41F500AAB369 /* HelloCV */ = {
			isa = PBXNativeTarget;
			buildConfigurationList = 780829D0258F41F600AAB369 /* Build configuration list for PBXNativeTarget "HelloCV" */;
			buildPhases = (
				780829C5258F41F500AAB369 /* Sources */,
				780829C6258F41F500AAB369 /* Frameworks */,
				780829C7258F41F500AAB369 /* CopyFiles */,
			);
			buildRules = (
			);
			dependencies = (
			);
			name = HelloCV;
			productName = HelloCV;
			productReference = 780829C9258F41F600AAB369 /* HelloCV */;
			productType = "com.apple.product-type.tool";
		};
/* End PBXNativeTarget section */

/* Begin PBXProject section */
		780829C1258F41F500AAB369 /* Project object */ = {
			isa = PBXProject;
			attributes = {
				LastUpgradeCheck = 1230;
				TargetAttributes = {
					780829C8258F41F500AAB369 = {
						CreatedOnToolsVersion = 12.3;
					};
				};
			};
			buildConfigurationList = 780829C4258F41F500AAB369 /* Build configuration list for PBXProject "HelloCV" */;
			compatibilityVersion = "Xcode 9.3";
			developmentRegion = en;
			hasScannedForEncodings = 0;
			knownRegions = (
				en,
				Base,
			);
			mainGroup = 780829C0258F41F500AAB369;
			productRefGroup = 780829CA258F41F600AAB369 /* Products */;
			projectDirPath = "";
			projectRoot = "";
			targets = (
				780829C8258F41F500AAB369 /* HelloCV */,
			);
		};
/* End PBXProject section */

/* Begin PBXSourcesBuildPhase section */
		780829C5258F41F500AAB369 /* Sources */ = {
			isa = PBXSourcesBuildPhase;
			buildActionMask = 2147483647;
			files = (
				780829CD258F41F600AAB369 /* main.cpp in Sources */,
			);
			runOnlyForDeploymentPostprocessing = 0;
		};
/* End PBXSourcesBuildPhase section */

/* Begin XCBuildConfiguration section */
		780829CE258F41F600AAB369 /* Debug */ = {
			isa = XCBuildConfiguration;
			buildSettings = {
				ALWAYS_SEARCH_USER_PATHS = NO;
				CLANG_ANALYZER_NONNULL = YES;
				CLANG_ANALYZER_NUMBER_OBJECT_CONVERSION = YES_AGGRESSIVE;
				CLANG_CXX_LANGUAGE_STANDARD = "gnu++14";
				CLANG_CXX_LIBRARY = "libc++";
				CLANG_ENABLE_MODULES = YES;
				CLANG_ENABLE_OBJC_ARC = YES;
				CLANG_ENABLE_OBJC_WEAK = YES;
				CLANG_WARN_BLOCK_CAPTURE_AUTORELEASING = YES;
				CLANG_WARN_BOOL_CONVERSION = YES;
				CLANG_WARN_COMMA = YES;
				CLANG_WARN_CONSTANT_CONVERSION = YES;
				CLANG_WARN_DEPRECATED_OBJC_IMPLEMENTATIONS = YES;
				CLANG_WARN_DIRECT_OBJC_ISA_USAGE = YES_ERROR;
				CLANG_WARN_DOCUMENTATION_COMMENTS = YES;
				CLANG_WARN_EMPTY_BODY = YES;
				CLANG_WARN_ENUM_CONVERSION = YES;
				CLANG_WARN_INFINITE_RECURSION = YES;
				CLANG_WARN_INT_CONVERSION = YES;
				CLANG_WARN_NON_LITERAL_NULL_CONVERSION = YES;
				CLANG_WARN_OBJC_IMPLICIT_RETAIN_SELF = YES;
				CLANG_WARN_OBJC_LITERAL_CONVERSION = YES;
				CLANG_WARN_OBJC_ROOT_CLASS = YES_ERROR;
				CLANG_WARN_QUOTED_INCLUDE_IN_FRAMEWORK_HEADER = YES;
				CLANG_WARN_RANGE_LOOP_ANALYSIS = YES;
				CLANG_WARN_STRICT_PROTOTYPES = YES;
				CLANG_WARN_SUSPICIOUS_MOVE = YES;
				CLANG_WARN_UNGUARDED_AVAILABILITY = YES_AGGRESSIVE;
				CLANG_WARN_UNREACHABLE_CODE = YES;
				CLANG_WARN__DUPLICATE_METHOD_MATCH = YES;
				COPY_PHASE_STRIP = NO;
				DEBUG_INFORMATION_FORMAT = dwarf;
				ENABLE_STRICT_OBJC_MSGSEND = YES;
				ENABLE_TESTABILITY = YES;
				GCC_C_LANGUAGE_STANDARD = gnu11;
				GCC_DYNAMIC_NO_PIC = NO;
				GCC_NO_COMMON_BLOCKS = YES;
				GCC_OPTIMIZATION_LEVEL = 0;
				GCC_PREPROCESSOR_DEFINITIONS = (
					"DEBUG=1",
					"$(inherited)",
				);
				GCC_WARN_64_TO_32_BIT_CONVERSION = YES;
				GCC_WARN_ABOUT_RETURN_TYPE = YES_ERROR;
				GCC_WARN_UNDECLARED_SELECTOR = YES;
				GCC_WARN_UNINITIALIZED_AUTOS = YES_AGGRESSIVE;
				GCC_WARN_UNUSED_FUNCTION = YES;
				GCC_WARN_UNUSED_VARIABLE = YES;
				MACOSX_DEPLOYMENT_TARGET = 10.15;
				MTL_ENABLE_DEBUG_INFO = INCLUDE_SOURCE;
				MTL_FAST_MATH = YES;
				ONLY_ACTIVE_ARCH = YES;
				SDKROOT = macosx;
			};
			name = Debug;
		};
		780829CF258F41F600AAB369 /* Release */ = {
			isa = XCBuildConfiguration;
			buildSettings = {
				ALWAYS_SEARCH_USER_PATHS = NO;
				CLANG_ANALYZER_NONNULL = YES;
				CLANG_ANALYZER_NUMBER_OBJECT_CONVERSION = YES_AGGRESSIVE;
				CLANG_CXX_LANGUAGE_STANDARD = "gnu++14";
				CLANG_CXX_LIBRARY = "libc++";
				CLANG_ENABLE_MODULES = YES;
				CLANG_ENABLE_OBJC_ARC = YES;
				CLANG_ENABLE_OBJC_WEAK = YES;
				CLANG_WARN_BLOCK_CAPTURE_AUTORELEASING = YES;
				CLANG_WARN_BOOL_CONVERSION = YES;
				CLANG_WARN_COMMA = YES;
				CLANG_WARN_CONSTANT_CONVERSION = YES;
				CLANG_WARN_DEPRECATED_OBJC_IMPLEMENTATIONS = YES;
				CLANG_WARN_DIRECT_OBJC_ISA_USAGE = YES_ERROR;
				CLANG_WARN_DOCUMENTATION_COMMENTS = YES;
				CLANG_WARN_EMPTY_BODY = YES;
				CLANG_WARN_ENUM_CONVERSION = YES;
				CLANG_WARN_INFINITE_RECURSION = YES;
				CLANG_WARN_INT_CONVERSION = YES;
				CLANG_WARN_NON_LITERAL_NULL_CONVERSION = YES;
				CLANG_WARN_OBJC_IMPLICIT_RETAIN_SELF = YES;
				CLANG_WARN_OBJC_LITERAL_CONVERSION = YES;
				CLANG_WARN_OBJC_ROOT_CLASS = YES_ERROR;
				CLANG_WARN_QUOTED_INCLUDE_IN_FRAMEWORK_HEADER = YES;
				CLANG_WARN_RANGE_LOOP_ANALYSIS = YES;
				CLANG_WARN_STRICT_PROTOTYPES = YES;
				CLANG_WARN_SUSPICIOUS_MOVE = YES;
				CLANG_WARN_UNGUARDED_AVAILABILITY = YES_AGGRESSIVE;
				CLANG_WARN_UNREACHABLE_CODE = YES;
				CLANG_WARN__DUPLICATE_METHOD_MATCH = YES;
				COPY_PHASE_STRIP = NO;
				DEBUG_INFORMATION_FORMAT = "dwarf-with-dsym";
				ENABLE_NS_ASSERTIONS = NO;
				ENABLE_STRICT_OBJC_MSGSEND = YES;
				GCC_C_LANGUAGE_STANDARD = gnu11;
				GCC_NO_COMMON_BLOCKS = YES;
				GCC_WARN_64_TO_32_BIT_CONVERSION = YES;
				GCC_WARN_ABOUT_RETURN_TYPE = YES_ERROR;
				GCC_WARN_UNDECLARED_SELECTOR = YES;
				GCC_WARN_UNINITIALIZED_AUTOS = YES_AGGRESSIVE;
				GCC_WARN_UNUSED_FUNCTION = YES;
				GCC_WARN_UNUSED_VARIABLE = YES;
				MACOSX_DEPLOYMENT_TARGET = 10.15;
				MTL_ENABLE_DEBUG_INFO = NO;
				MTL_FAST_MATH = YES;
				SDKROOT = macosx;
			};
			name = Release;
		};
		780829D1258F41F600AAB369 /* Debug */ = {
			isa = XCBuildConfiguration;
			buildSettings = {
				CODE_SIGN_STYLE = Automatic;
				DEVELOPMENT_TEAM = KYV3CSY2F3;
				ENABLE_HARDENED_RUNTIME = YES;
				FRAMEWORK_SEARCH_PATHS = "";
				HEADER_SEARCH_PATHS = "$(PROJECT_DIR)/HelloCV/libs/header/";
				LIBRARY_SEARCH_PATHS = (
					"$(inherited)",
					"$(PROJECT_DIR)/HelloCV/libs/include/",
				);
				PRODUCT_NAME = "$(TARGET_NAME)";
			};
			name = Debug;
		};
		780829D2258F41F600AAB369 /* Release */ = {
			isa = XCBuildConfiguration;
			buildSettings = {
				CODE_SIGN_STYLE = Automatic;
				DEVELOPMENT_TEAM = KYV3CSY2F3;
				ENABLE_HARDENED_RUNTIME = YES;
				FRAMEWORK_SEARCH_PATHS = "";
				HEADER_SEARCH_PATHS = "$(PROJECT_DIR)/HelloCV/libs/header/";
				LIBRARY_SEARCH_PATHS = (
					"$(inherited)",
					"$(PROJECT_DIR)/HelloCV/libs/include/",
				);
				PRODUCT_NAME = "$(TARGET_NAME)";
			};
			name = Release;
		};
/* End XCBuildConfiguration section */

/* Begin XCConfigurationList section */
		780829C4258F41F500AAB369 /* Build configuration list for PBXProject "HelloCV" */ = {
			isa = XCConfigurationList;
			buildConfigurations = (
				780829CE258F41F600AAB369 /* Debug */,
				780829CF258F41F600AAB369 /* Release */,
			);
			defaultConfigurationIsVisible = 0;
			defaultConfigurationName = Release;
		};
		780829D0258F41F600AAB369 /* Build configuration list for PBXNativeTarget "HelloCV" */ = {
			isa = XCConfigurationList;
			buildConfigurations = (
				780829D1258F41F600AAB369 /* Debug */,
				780829D2258F41F600AAB369 /* Release */,
			);
			defaultConfigurationIsVisible = 0;
			defaultConfigurationName = Release;
		};
/* End XCConfigurationList section */
	};
	rootObject = 780829C1258F41F500AAB369 /* Project object */;
}
